// !$*UTF8*$!
{
	archiveVersion = 1;
	classes = {
	};
	objectVersion = 46;
	objects = {

/* Begin PBXBuildFile section */
		F7A93C7217DDEF01007E4EB6 /* UIKit.framework in Frameworks */ = {isa = PBXBuildFile; fileRef = F7A93C7117DDEF01007E4EB6 /* UIKit.framework */; };
		F7A93C7417DDEF01007E4EB6 /* Foundation.framework in Frameworks */ = {isa = PBXBuildFile; fileRef = F7A93C7317DDEF01007E4EB6 /* Foundation.framework */; };
		F7A93C7617DDEF01007E4EB6 /* CoreGraphics.framework in Frameworks */ = {isa = PBXBuildFile; fileRef = F7A93C7517DDEF01007E4EB6 /* CoreGraphics.framework */; };
		F7A93C7C17DDEF01007E4EB6 /* InfoPlist.strings in Resources */ = {isa = PBXBuildFile; fileRef = F7A93C7A17DDEF01007E4EB6 /* InfoPlist.strings */; };
		F7A93C7E17DDEF01007E4EB6 /* main.m in Sources */ = {isa = PBXBuildFile; fileRef = F7A93C7D17DDEF01007E4EB6 /* main.m */; };
		F7A93C8217DDEF01007E4EB6 /* AppDelegate.m in Sources */ = {isa = PBXBuildFile; fileRef = F7A93C8117DDEF01007E4EB6 /* AppDelegate.m */; };
		F7A93C8417DDEF01007E4EB6 /* Default.png in Resources */ = {isa = PBXBuildFile; fileRef = F7A93C8317DDEF01007E4EB6 /* Default.png */; };
		F7A93C8617DDEF01007E4EB6 /* Default@2x.png in Resources */ = {isa = PBXBuildFile; fileRef = F7A93C8517DDEF01007E4EB6 /* Default@2x.png */; };
		F7A93C8817DDEF01007E4EB6 /* Default-568h@2x.png in Resources */ = {isa = PBXBuildFile; fileRef = F7A93C8717DDEF01007E4EB6 /* Default-568h@2x.png */; };
		F7A93C8B17DDEF01007E4EB6 /* MainStoryboard.storyboard in Resources */ = {isa = PBXBuildFile; fileRef = F7A93C8917DDEF01007E4EB6 /* MainStoryboard.storyboard */; };
		F7A93C8E17DDEF01007E4EB6 /* ViewController.m in Sources */ = {isa = PBXBuildFile; fileRef = F7A93C8D17DDEF01007E4EB6 /* ViewController.m */; };
		F7A93CAD17DDF024007E4EB6 /* QuartzCore.framework in Frameworks */ = {isa = PBXBuildFile; fileRef = F7A93CAC17DDF024007E4EB6 /* QuartzCore.framework */; };
		F7A93CAF17DDF074007E4EB6 /* libMintKit.a in Frameworks */ = {isa = PBXBuildFile; fileRef = F7A93CAE17DDF074007E4EB6 /* libMintKit.a */; };
/* End PBXBuildFile section */

/* Begin PBXFileReference section */
		F7A93C6E17DDEF01007E4EB6 /* mintKitSample.app */ = {isa = PBXFileReference; explicitFileType = wrapper.application; includeInIndex = 0; path = mintKitSample.app; sourceTree = BUILT_PRODUCTS_DIR; };
		F7A93C7117DDEF01007E4EB6 /* UIKit.framework */ = {isa = PBXFileReference; lastKnownFileType = wrapper.framework; name = UIKit.framework; path = System/Library/Frameworks/UIKit.framework; sourceTree = SDKROOT; };
		F7A93C7317DDEF01007E4EB6 /* Foundation.framework */ = {isa = PBXFileReference; lastKnownFileType = wrapper.framework; name = Foundation.framework; path = System/Library/Frameworks/Foundation.framework; sourceTree = SDKROOT; };
		F7A93C7517DDEF01007E4EB6 /* CoreGraphics.framework */ = {isa = PBXFileReference; lastKnownFileType = wrapper.framework; name = CoreGraphics.framework; path = System/Library/Frameworks/CoreGraphics.framework; sourceTree = SDKROOT; };
		F7A93C7917DDEF01007E4EB6 /* mintKitSample-Info.plist */ = {isa = PBXFileReference; lastKnownFileType = text.plist.xml; path = "mintKitSample-Info.plist"; sourceTree = "<group>"; };
		F7A93C7B17DDEF01007E4EB6 /* en */ = {isa = PBXFileReference; lastKnownFileType = text.plist.strings; name = en; path = en.lproj/InfoPlist.strings; sourceTree = "<group>"; };
		F7A93C7D17DDEF01007E4EB6 /* main.m */ = {isa = PBXFileReference; lastKnownFileType = sourcecode.c.objc; path = main.m; sourceTree = "<group>"; };
		F7A93C7F17DDEF01007E4EB6 /* mintKitSample-Prefix.pch */ = {isa = PBXFileReference; lastKnownFileType = sourcecode.c.h; path = "mintKitSample-Prefix.pch"; sourceTree = "<group>"; };
		F7A93C8017DDEF01007E4EB6 /* AppDelegate.h */ = {isa = PBXFileReference; lastKnownFileType = sourcecode.c.h; path = AppDelegate.h; sourceTree = "<group>"; };
		F7A93C8117DDEF01007E4EB6 /* AppDelegate.m */ = {isa = PBXFileReference; lastKnownFileType = sourcecode.c.objc; path = AppDelegate.m; sourceTree = "<group>"; };
		F7A93C8317DDEF01007E4EB6 /* Default.png */ = {isa = PBXFileReference; lastKnownFileType = image.png; path = Default.png; sourceTree = "<group>"; };
		F7A93C8517DDEF01007E4EB6 /* Default@2x.png */ = {isa = PBXFileReference; lastKnownFileType = image.png; path = "Default@2x.png"; sourceTree = "<group>"; };
		F7A93C8717DDEF01007E4EB6 /* Default-568h@2x.png */ = {isa = PBXFileReference; lastKnownFileType = image.png; path = "Default-568h@2x.png"; sourceTree = "<group>"; };
		F7A93C8A17DDEF01007E4EB6 /* en */ = {isa = PBXFileReference; lastKnownFileType = file.storyboard; name = en; path = en.lproj/MainStoryboard.storyboard; sourceTree = "<group>"; };
		F7A93C8C17DDEF01007E4EB6 /* ViewController.h */ = {isa = PBXFileReference; lastKnownFileType = sourcecode.c.h; path = ViewController.h; sourceTree = "<group>"; };
		F7A93C8D17DDEF01007E4EB6 /* ViewController.m */ = {isa = PBXFileReference; lastKnownFileType = sourcecode.c.objc; path = ViewController.m; sourceTree = "<group>"; };
		F7A93C9517DDEF02007E4EB6 /* SenTestingKit.framework */ = {isa = PBXFileReference; lastKnownFileType = wrapper.framework; name = SenTestingKit.framework; path = Library/Frameworks/SenTestingKit.framework; sourceTree = DEVELOPER_DIR; };
		F7A93CAC17DDF024007E4EB6 /* QuartzCore.framework */ = {isa = PBXFileReference; lastKnownFileType = wrapper.framework; name = QuartzCore.framework; path = System/Library/Frameworks/QuartzCore.framework; sourceTree = SDKROOT; };
		F7A93CAE17DDF074007E4EB6 /* libMintKit.a */ = {isa = PBXFileReference; lastKnownFileType = archive.ar; name = libMintKit.a; path = Lib/MintKit/libMintKit.a; sourceTree = "<group>"; };
/* End PBXFileReference section */

/* Begin PBXFrameworksBuildPhase section */
		F7A93C6B17DDEF01007E4EB6 /* Frameworks */ = {
			isa = PBXFrameworksBuildPhase;
			buildActionMask = 2147483647;
			files = (
				F7A93CAF17DDF074007E4EB6 /* libMintKit.a in Frameworks */,
				F7A93CAD17DDF024007E4EB6 /* QuartzCore.framework in Frameworks */,
				F7A93C7217DDEF01007E4EB6 /* UIKit.framework in Frameworks */,
				F7A93C7417DDEF01007E4EB6 /* Foundation.framework in Frameworks */,
				F7A93C7617DDEF01007E4EB6 /* CoreGraphics.framework in Frameworks */,
			);
			runOnlyForDeploymentPostprocessing = 0;
		};
/* End PBXFrameworksBuildPhase section */

/* Begin PBXGroup section */
		F7A93C6517DDEF01007E4EB6 = {
			isa = PBXGroup;
			children = (
				F7A93C7717DDEF01007E4EB6 /* mintKitSample */,
				F7A93C7017DDEF01007E4EB6 /* Frameworks */,
				F7A93C6F17DDEF01007E4EB6 /* Products */,
			);
			sourceTree = "<group>";
		};
		F7A93C6F17DDEF01007E4EB6 /* Products */ = {
			isa = PBXGroup;
			children = (
				F7A93C6E17DDEF01007E4EB6 /* mintKitSample.app */,
			);
			name = Products;
			sourceTree = "<group>";
		};
		F7A93C7017DDEF01007E4EB6 /* Frameworks */ = {
			isa = PBXGroup;
			children = (
				F7A93CAC17DDF024007E4EB6 /* QuartzCore.framework */,
				F7A93CAE17DDF074007E4EB6 /* libMintKit.a */,
				F7A93C7117DDEF01007E4EB6 /* UIKit.framework */,
				F7A93C7317DDEF01007E4EB6 /* Foundation.framework */,
				F7A93C7517DDEF01007E4EB6 /* CoreGraphics.framework */,
				F7A93C9517DDEF02007E4EB6 /* SenTestingKit.framework */,
			);
			name = Frameworks;
			sourceTree = "<group>";
		};
		F7A93C7717DDEF01007E4EB6 /* mintKitSample */ = {
			isa = PBXGroup;
			children = (
				F7A93C8017DDEF01007E4EB6 /* AppDelegate.h */,
				F7A93C8117DDEF01007E4EB6 /* AppDelegate.m */,
				F7A93C8917DDEF01007E4EB6 /* MainStoryboard.storyboard */,
				F7A93C8C17DDEF01007E4EB6 /* ViewController.h */,
				F7A93C8D17DDEF01007E4EB6 /* ViewController.m */,
				F7A93C7817DDEF01007E4EB6 /* Supporting Files */,
			);
			path = mintKitSample;
			sourceTree = "<group>";
		};
		F7A93C7817DDEF01007E4EB6 /* Supporting Files */ = {
			isa = PBXGroup;
			children = (
				F7A93C7917DDEF01007E4EB6 /* mintKitSample-Info.plist */,
				F7A93C7A17DDEF01007E4EB6 /* InfoPlist.strings */,
				F7A93C7D17DDEF01007E4EB6 /* main.m */,
				F7A93C7F17DDEF01007E4EB6 /* mintKitSample-Prefix.pch */,
				F7A93C8317DDEF01007E4EB6 /* Default.png */,
				F7A93C8517DDEF01007E4EB6 /* Default@2x.png */,
				F7A93C8717DDEF01007E4EB6 /* Default-568h@2x.png */,
			);
			name = "Supporting Files";
			sourceTree = "<group>";
		};
/* End PBXGroup section */

/* Begin PBXNativeTarget section */
		F7A93C6D17DDEF01007E4EB6 /* mintKitSample */ = {
			isa = PBXNativeTarget;
			buildConfigurationList = F7A93CA617DDEF02007E4EB6 /* Build configuration list for PBXNativeTarget "mintKitSample" */;
			buildPhases = (
				F7A93C6A17DDEF01007E4EB6 /* Sources */,
				F7A93C6B17DDEF01007E4EB6 /* Frameworks */,
				F7A93C6C17DDEF01007E4EB6 /* Resources */,
			);
			buildRules = (
			);
			dependencies = (
			);
			name = mintKitSample;
			productName = mintKitSample;
			productReference = F7A93C6E17DDEF01007E4EB6 /* mintKitSample.app */;
			productType = "com.apple.product-type.application";
		};
/* End PBXNativeTarget section */

/* Begin PBXProject section */
		F7A93C6617DDEF01007E4EB6 /* Project object */ = {
			isa = PBXProject;
			attributes = {
				LastUpgradeCheck = 0460;
				ORGANIZATIONNAME = mintcode.org;
			};
			buildConfigurationList = F7A93C6917DDEF01007E4EB6 /* Build configuration list for PBXProject "mintKitSample" */;
			compatibilityVersion = "Xcode 3.2";
			developmentRegion = English;
			hasScannedForEncodings = 0;
			knownRegions = (
				en,
			);
			mainGroup = F7A93C6517DDEF01007E4EB6;
			productRefGroup = F7A93C6F17DDEF01007E4EB6 /* Products */;
			projectDirPath = "";
			projectRoot = "";
			targets = (
				F7A93C6D17DDEF01007E4EB6 /* mintKitSample */,
			);
		};
/* End PBXProject section */

/* Begin PBXResourcesBuildPhase section */
		F7A93C6C17DDEF01007E4EB6 /* Resources */ = {
			isa = PBXResourcesBuildPhase;
			buildActionMask = 2147483647;
			files = (
				F7A93C7C17DDEF01007E4EB6 /* InfoPlist.strings in Resources */,
				F7A93C8417DDEF01007E4EB6 /* Default.png in Resources */,
				F7A93C8617DDEF01007E4EB6 /* Default@2x.png in Resources */,
				F7A93C8817DDEF01007E4EB6 /* Default-568h@2x.png in Resources */,
				F7A93C8B17DDEF01007E4EB6 /* MainStoryboard.storyboard in Resources */,
			);
			runOnlyForDeploymentPostprocessing = 0;
		};
/* End PBXResourcesBuildPhase section */

/* Begin PBXSourcesBuildPhase section */
		F7A93C6A17DDEF01007E4EB6 /* Sources */ = {
			isa = PBXSourcesBuildPhase;
			buildActionMask = 2147483647;
			files = (
				F7A93C7E17DDEF01007E4EB6 /* main.m in Sources */,
				F7A93C8217DDEF01007E4EB6 /* AppDelegate.m in Sources */,
				F7A93C8E17DDEF01007E4EB6 /* ViewController.m in Sources */,
			);
			runOnlyForDeploymentPostprocessing = 0;
		};
/* End PBXSourcesBuildPhase section */

/* Begin PBXVariantGroup section */
		F7A93C7A17DDEF01007E4EB6 /* InfoPlist.strings */ = {
			isa = PBXVariantGroup;
			children = (
				F7A93C7B17DDEF01007E4EB6 /* en */,
			);
			name = InfoPlist.strings;
			sourceTree = "<group>";
		};
		F7A93C8917DDEF01007E4EB6 /* MainStoryboard.storyboard */ = {
			isa = PBXVariantGroup;
			children = (
				F7A93C8A17DDEF01007E4EB6 /* en */,
			);
			name = MainStoryboard.storyboard;
			sourceTree = "<group>";
		};
/* End PBXVariantGroup section */

/* Begin XCBuildConfiguration section */
		F7A93CA417DDEF02007E4EB6 /* Debug */ = {
			isa = XCBuildConfiguration;
			buildSettings = {
				ALWAYS_SEARCH_USER_PATHS = NO;
				CLANG_CXX_LANGUAGE_STANDARD = "gnu++0x";
				CLANG_CXX_LIBRARY = "libc++";
				CLANG_ENABLE_OBJC_ARC = YES;
				CLANG_WARN_CONSTANT_CONVERSION = YES;
				CLANG_WARN_EMPTY_BODY = YES;
				CLANG_WARN_ENUM_CONVERSION = YES;
				CLANG_WARN_INT_CONVERSION = YES;
				CLANG_WARN__DUPLICATE_METHOD_MATCH = YES;
				"CODE_SIGN_IDENTITY[sdk=iphoneos*]" = "iPhone Developer";
				COPY_PHASE_STRIP = NO;
				GCC_C_LANGUAGE_STANDARD = gnu99;
				GCC_DYNAMIC_NO_PIC = NO;
				GCC_OPTIMIZATION_LEVEL = 0;
				GCC_PREPROCESSOR_DEFINITIONS = (
					"DEBUG=1",
					"$(inherited)",
				);
				GCC_SYMBOLS_PRIVATE_EXTERN = NO;
				GCC_WARN_ABOUT_RETURN_TYPE = YES;
				GCC_WARN_UNINITIALIZED_AUTOS = YES;
				GCC_WARN_UNUSED_VARIABLE = YES;
				IPHONEOS_DEPLOYMENT_TARGET = 6.1;
				ONLY_ACTIVE_ARCH = YES;
				SDKROOT = iphoneos;
			};
			name = Debug;
		};
		F7A93CA517DDEF02007E4EB6 /* Release */ = {
			isa = XCBuildConfiguration;
			buildSettings = {
				ALWAYS_SEARCH_USER_PATHS = NO;
				CLANG_CXX_LANGUAGE_STANDARD = "gnu++0x";
				CLANG_CXX_LIBRARY = "libc++";
				CLANG_ENABLE_OBJC_ARC = YES;
				CLANG_WARN_CONSTANT_CONVERSION = YES;
				CLANG_WARN_EMPTY_BODY = YES;
				CLANG_WARN_ENUM_CONVERSION = YES;
				CLANG_WARN_INT_CONVERSION = YES;
				CLANG_WARN__DUPLICATE_METHOD_MATCH = YES;
				"CODE_SIGN_IDENTITY[sdk=iphoneos*]" = "iPhone Developer";
				COPY_PHASE_STRIP = YES;
				GCC_C_LANGUAGE_STANDARD = gnu99;
				GCC_WARN_ABOUT_RETURN_TYPE = YES;
				GCC_WARN_UNINITIALIZED_AUTOS = YES;
				GCC_WARN_UNUSED_VARIABLE = YES;
				IPHONEOS_DEPLOYMENT_TARGET = 6.1;
				ONLY_ACTIVE_ARCH = YES;
				OTHER_CFLAGS = "-DNS_BLOCK_ASSERTIONS=1";
				SDKROOT = iphoneos;
				VALIDATE_PRODUCT = YES;
			};
			name = Release;
		};
		F7A93CA717DDEF02007E4EB6 /* Debug */ = {
			isa = XCBuildConfiguration;
			buildSettings = {
				GCC_PRECOMPILE_PREFIX_HEADER = YES;
				GCC_PREFIX_HEADER = "mintKitSample/mintKitSample-Prefix.pch";
				HEADER_SEARCH_PATHS = "\"$(SRCROOT)/Lib/MintKit/Headers\"";
				INFOPLIST_FILE = "mintKitSample/mintKitSample-Info.plist";
				LIBRARY_SEARCH_PATHS = (
					"\"$(SRCROOT)/Lib/MintKit\"",
					"$(inherited)",
				);
				ONLY_ACTIVE_ARCH = NO;
				PRODUCT_NAME = "$(TARGET_NAME)";
				WRAPPER_EXTENSION = app;
			};
			name = Debug;
		};
		F7A93CA817DDEF02007E4EB6 /* Release */ = {
			isa = XCBuildConfiguration;
			buildSettings = {
				GCC_PRECOMPILE_PREFIX_HEADER = YES;
				GCC_PREFIX_HEADER = "mintKitSample/mintKitSample-Prefix.pch";
				HEADER_SEARCH_PATHS = "\"$(SRCROOT)/Lib/MintKit/Headers\"";
				INFOPLIST_FILE = "mintKitSample/mintKitSample-Info.plist";
				LIBRARY_SEARCH_PATHS = (
					"\"$(SRCROOT)/Lib/MintKit\"",
					"$(inherited)",
				);
				ONLY_ACTIVE_ARCH = NO;
				PRODUCT_NAME = "$(TARGET_NAME)";
				WRAPPER_EXTENSION = app;
			};
			name = Release;
		};
/* End XCBuildConfiguration section */

/* Begin XCConfigurationList section */
		F7A93C6917DDEF01007E4EB6 /* Build configuration list for PBXProject "mintKitSample" */ = {
			isa = XCConfigurationList;
			buildConfigurations = (
				F7A93CA417DDEF02007E4EB6 /* Debug */,
				F7A93CA517DDEF02007E4EB6 /* Release */,
			);
			defaultConfigurationIsVisible = 0;
			defaultConfigurationName = Release;
		};
		F7A93CA617DDEF02007E4EB6 /* Build configuration list for PBXNativeTarget "mintKitSample" */ = {
			isa = XCConfigurationList;
			buildConfigurations = (
				F7A93CA717DDEF02007E4EB6 /* Debug */,
				F7A93CA817DDEF02007E4EB6 /* Release */,
			);
			defaultConfigurationIsVisible = 0;
			defaultConfigurationName = Release;
		};
/* End XCConfigurationList section */
	};
	rootObject = F7A93C6617DDEF01007E4EB6 /* Project object */;
}
